
Microsoft Visual Studio Solution File, Format Version 12.00
# Visual Studio Version 17
VisualStudioVersion = 17.7.34009.444
MinimumVisualStudioVersion = 10.0.40219.1
Project("{FAE04EC0-301F-11D3-BF4B-00C04F79EFBC}") = "la-bodeguita", "la-bodeguita.csproj", "{1417AE50-52E9-4308-AE2B-EB31E15E079B}"
EndProject
Project("{FAE04EC0-301F-11D3-BF4B-00C04F79EFBC}") = "capa_presentacion", "capa_presentacion\capa_presentacion.csproj", "{0A724DF1-060A-4718-867E-E55ECB4D3815}"
EndProject
Project("{FAE04EC0-301F-11D3-BF4B-00C04F79EFBC}") = "capa_datos", "capa_datos\capa_datos.csproj", "{313531E5-54B2-4ADE-BD7B-4FBB6EC92D23}"
EndProject
Project("{FAE04EC0-301F-11D3-BF4B-00C04F79EFBC}") = "capa_negocio", "capa_negocio\capa_negocio.csproj", "{BE8A7DE5-84D6-4EF8-929F-52759BAB15DF}"
EndProject
Global
	GlobalSection(SolutionConfigurationPlatforms) = preSolution
		Debug|Any CPU = Debug|Any CPU
		Release|Any CPU = Release|Any CPU
	EndGlobalSection
	GlobalSection(ProjectConfigurationPlatforms) = postSolution
		{1417AE50-52E9-4308-AE2B-EB31E15E079B}.Debug|Any CPU.ActiveCfg = Debug|Any CPU
		{1417AE50-52E9-4308-AE2B-EB31E15E079B}.Debug|Any CPU.Build.0 = Debug|Any CPU
		{1417AE50-52E9-4308-AE2B-EB31E15E079B}.Release|Any CPU.ActiveCfg = Release|Any CPU
		{1417AE50-52E9-4308-AE2B-EB31E15E079B}.Release|Any CPU.Build.0 = Release|Any CPU
		{0A724DF1-060A-4718-867E-E55ECB4D3815}.Debug|Any CPU.ActiveCfg = Debug|Any CPU
		{0A724DF1-060A-4718-867E-E55ECB4D3815}.Debug|Any CPU.Build.0 = Debug|Any CPU
		{0A724DF1-060A-4718-867E-E55ECB4D3815}.Release|Any CPU.ActiveCfg = Release|Any CPU
		{0A724DF1-060A-4718-867E-E55ECB4D3815}.Release|Any CPU.Build.0 = Release|Any CPU
		{313531E5-54B2-4ADE-BD7B-4FBB6EC92D23}.Debug|Any CPU.ActiveCfg = Debug|Any CPU
		{313531E5-54B2-4ADE-BD7B-4FBB6EC92D23}.Debug|Any CPU.Build.0 = Debug|Any CPU
		{313531E5-54B2-4ADE-BD7B-4FBB6EC92D23}.Release|Any CPU.ActiveCfg = Release|Any CPU
		{313531E5-54B2-4ADE-BD7B-4FBB6EC92D23}.Release|Any CPU.Build.0 = Release|Any CPU
		{BE8A7DE5-84D6-4EF8-929F-52759BAB15DF}.Debug|Any CPU.ActiveCfg = Debug|Any CPU
		{BE8A7DE5-84D6-4EF8-929F-52759BAB15DF}.Debug|Any CPU.Build.0 = Debug|Any CPU
		{BE8A7DE5-84D6-4EF8-929F-52759BAB15DF}.Release|Any CPU.ActiveCfg = Release|Any CPU
		{BE8A7DE5-84D6-4EF8-929F-52759BAB15DF}.Release|Any CPU.Build.0 = Release|Any CPU
	EndGlobalSection
	GlobalSection(SolutionProperties) = preSolution
		HideSolutionNode = FALSE
	EndGlobalSection
	GlobalSection(ExtensibilityGlobals) = postSolution
		SolutionGuid = {CE3E5A3E-7484-40A7-9868-F3DE9DB0A229}
	EndGlobalSection
EndGlobal
